
Microsoft Visual Studio Solution File, Format Version 12.00
# Visual Studio Version 16
VisualStudioVersion = 16.0.31112.23
MinimumVisualStudioVersion = 10.0.40219.1
Project("{FAE04EC0-301F-11D3-BF4B-00C04F79EFBC}") = "PaymentGateway.Api", "PaymentGateway.Api\PaymentGateway.Api.csproj", "{4E695C28-A703-470C-BA52-D8B739CF496B}"
EndProject
Project("{2150E333-8FDC-42A3-9474-1A3956D46DE8}") = "src", "src", "{E6CBBD75-466B-4CD1-A415-010CC755F896}"
EndProject
Project("{2150E333-8FDC-42A3-9474-1A3956D46DE8}") = "Api", "Api", "{213F5030-5062-4354-93F9-C4549F856C61}"
EndProject
Project("{2150E333-8FDC-42A3-9474-1A3956D46DE8}") = "Core", "Core", "{676F3705-AACC-4E16-92DD-8D5E48A9EE8B}"
EndProject
Project("{2150E333-8FDC-42A3-9474-1A3956D46DE8}") = "Infrastructure", "Infrastructure", "{C4D59CD8-C5B9-4CF4-8221-D177DB032FCB}"
EndProject
Project("{2150E333-8FDC-42A3-9474-1A3956D46DE8}") = "tests", "tests", "{ED3AAADA-DF8D-44FF-A181-6A159B97C0BA}"
EndProject
Project("{FAE04EC0-301F-11D3-BF4B-00C04F79EFBC}") = "PaymentGateway.Application", "PaymentGateway.Application\PaymentGateway.Application.csproj", "{D526C1F8-5D6D-4644-AFC6-D98192E9D393}"
EndProject
Project("{FAE04EC0-301F-11D3-BF4B-00C04F79EFBC}") = "PaymentGateway.Domain", "PaymentGateway.Domain\PaymentGateway.Domain.csproj", "{67D571F9-3B06-428D-88C0-8AB25EAF59A1}"
EndProject
Project("{FAE04EC0-301F-11D3-BF4B-00C04F79EFBC}") = "PaymentGateway.Persistence", "PaymentGateway.Persistence\PaymentGateway.Persistence.csproj", "{52D99CCE-1D0C-4BF3-BE88-BAAE4C4B8E45}"
EndProject
Project("{FAE04EC0-301F-11D3-BF4B-00C04F79EFBC}") = "PaymentGateway.ApiClients", "PaymentGateway.ApiClients\PaymentGateway.ApiClients.csproj", "{EFB136DE-F503-41F8-9F49-9F9888257E59}"
EndProject
Project("{2150E333-8FDC-42A3-9474-1A3956D46DE8}") = "Api", "Api", "{E6579337-8BBA-4423-B028-CE3F9E3C3A82}"
EndProject
Project("{FAE04EC0-301F-11D3-BF4B-00C04F79EFBC}") = "PaymentGateway.Api.UnitTests", "PaymentGateway.Api.UnitTests\PaymentGateway.Api.UnitTests.csproj", "{28AB7A80-3BBC-4B04-B6F8-007E185A1F68}"
EndProject
Project("{2150E333-8FDC-42A3-9474-1A3956D46DE8}") = "Core", "Core", "{89C3F41E-105F-4394-B0EC-1154D5AEA7A5}"
EndProject
Project("{FAE04EC0-301F-11D3-BF4B-00C04F79EFBC}") = "PaymentGateway.Application.UnitTests", "PaymentGateway.Application.UnitTests\PaymentGateway.Application.UnitTests.csproj", "{81C258B3-B0F6-47FA-A911-1FE8D0423714}"
EndProject
Project("{FAE04EC0-301F-11D3-BF4B-00C04F79EFBC}") = "PaymentGateway.Tests.Common", "PaymentGateway.Tests.Common\PaymentGateway.Tests.Common.csproj", "{5AE0D452-1939-49A4-B0DC-22EB32B8E49D}"
EndProject
Project("{9A19103F-16F7-4668-BE54-9A1E7A4F7556}") = "PaymentGateway.Api.FunctionalTests", "PaymentGateway.Api.FunctionalTests\PaymentGateway.Api.FunctionalTests.csproj", "{C8070876-8837-41D7-81C3-9B81D9EC2EAD}"
EndProject
Global
	GlobalSection(SolutionConfigurationPlatforms) = preSolution
		Debug|Any CPU = Debug|Any CPU
		Release|Any CPU = Release|Any CPU
	EndGlobalSection
	GlobalSection(ProjectConfigurationPlatforms) = postSolution
		{4E695C28-A703-470C-BA52-D8B739CF496B}.Debug|Any CPU.ActiveCfg = Debug|Any CPU
		{4E695C28-A703-470C-BA52-D8B739CF496B}.Debug|Any CPU.Build.0 = Debug|Any CPU
		{4E695C28-A703-470C-BA52-D8B739CF496B}.Release|Any CPU.ActiveCfg = Release|Any CPU
		{4E695C28-A703-470C-BA52-D8B739CF496B}.Release|Any CPU.Build.0 = Release|Any CPU
		{D526C1F8-5D6D-4644-AFC6-D98192E9D393}.Debug|Any CPU.ActiveCfg = Debug|Any CPU
		{D526C1F8-5D6D-4644-AFC6-D98192E9D393}.Debug|Any CPU.Build.0 = Debug|Any CPU
		{D526C1F8-5D6D-4644-AFC6-D98192E9D393}.Release|Any CPU.ActiveCfg = Release|Any CPU
		{D526C1F8-5D6D-4644-AFC6-D98192E9D393}.Release|Any CPU.Build.0 = Release|Any CPU
		{67D571F9-3B06-428D-88C0-8AB25EAF59A1}.Debug|Any CPU.ActiveCfg = Debug|Any CPU
		{67D571F9-3B06-428D-88C0-8AB25EAF59A1}.Debug|Any CPU.Build.0 = Debug|Any CPU
		{67D571F9-3B06-428D-88C0-8AB25EAF59A1}.Release|Any CPU.ActiveCfg = Release|Any CPU
		{67D571F9-3B06-428D-88C0-8AB25EAF59A1}.Release|Any CPU.Build.0 = Release|Any CPU
		{52D99CCE-1D0C-4BF3-BE88-BAAE4C4B8E45}.Debug|Any CPU.ActiveCfg = Debug|Any CPU
		{52D99CCE-1D0C-4BF3-BE88-BAAE4C4B8E45}.Debug|Any CPU.Build.0 = Debug|Any CPU
		{52D99CCE-1D0C-4BF3-BE88-BAAE4C4B8E45}.Release|Any CPU.ActiveCfg = Release|Any CPU
		{52D99CCE-1D0C-4BF3-BE88-BAAE4C4B8E45}.Release|Any CPU.Build.0 = Release|Any CPU
		{EFB136DE-F503-41F8-9F49-9F9888257E59}.Debug|Any CPU.ActiveCfg = Debug|Any CPU
		{EFB136DE-F503-41F8-9F49-9F9888257E59}.Debug|Any CPU.Build.0 = Debug|Any CPU
		{EFB136DE-F503-41F8-9F49-9F9888257E59}.Release|Any CPU.ActiveCfg = Release|Any CPU
		{EFB136DE-F503-41F8-9F49-9F9888257E59}.Release|Any CPU.Build.0 = Release|Any CPU
		{28AB7A80-3BBC-4B04-B6F8-007E185A1F68}.Debug|Any CPU.ActiveCfg = Debug|Any CPU
		{28AB7A80-3BBC-4B04-B6F8-007E185A1F68}.Debug|Any CPU.Build.0 = Debug|Any CPU
		{28AB7A80-3BBC-4B04-B6F8-007E185A1F68}.Release|Any CPU.ActiveCfg = Release|Any CPU
		{28AB7A80-3BBC-4B04-B6F8-007E185A1F68}.Release|Any CPU.Build.0 = Release|Any CPU
		{81C258B3-B0F6-47FA-A911-1FE8D0423714}.Debug|Any CPU.ActiveCfg = Debug|Any CPU
		{81C258B3-B0F6-47FA-A911-1FE8D0423714}.Debug|Any CPU.Build.0 = Debug|Any CPU
		{81C258B3-B0F6-47FA-A911-1FE8D0423714}.Release|Any CPU.ActiveCfg = Release|Any CPU
		{81C258B3-B0F6-47FA-A911-1FE8D0423714}.Release|Any CPU.Build.0 = Release|Any CPU
		{5AE0D452-1939-49A4-B0DC-22EB32B8E49D}.Debug|Any CPU.ActiveCfg = Debug|Any CPU
		{5AE0D452-1939-49A4-B0DC-22EB32B8E49D}.Debug|Any CPU.Build.0 = Debug|Any CPU
		{5AE0D452-1939-49A4-B0DC-22EB32B8E49D}.Release|Any CPU.ActiveCfg = Release|Any CPU
		{5AE0D452-1939-49A4-B0DC-22EB32B8E49D}.Release|Any CPU.Build.0 = Release|Any CPU
		{C8070876-8837-41D7-81C3-9B81D9EC2EAD}.Debug|Any CPU.ActiveCfg = Debug|Any CPU
		{C8070876-8837-41D7-81C3-9B81D9EC2EAD}.Debug|Any CPU.Build.0 = Debug|Any CPU
		{C8070876-8837-41D7-81C3-9B81D9EC2EAD}.Release|Any CPU.ActiveCfg = Release|Any CPU
		{C8070876-8837-41D7-81C3-9B81D9EC2EAD}.Release|Any CPU.Build.0 = Release|Any CPU
	EndGlobalSection
	GlobalSection(SolutionProperties) = preSolution
		HideSolutionNode = FALSE
	EndGlobalSection
	GlobalSection(NestedProjects) = preSolution
		{4E695C28-A703-470C-BA52-D8B739CF496B} = {213F5030-5062-4354-93F9-C4549F856C61}
		{213F5030-5062-4354-93F9-C4549F856C61} = {E6CBBD75-466B-4CD1-A415-010CC755F896}
		{676F3705-AACC-4E16-92DD-8D5E48A9EE8B} = {E6CBBD75-466B-4CD1-A415-010CC755F896}
		{C4D59CD8-C5B9-4CF4-8221-D177DB032FCB} = {E6CBBD75-466B-4CD1-A415-010CC755F896}
		{D526C1F8-5D6D-4644-AFC6-D98192E9D393} = {676F3705-AACC-4E16-92DD-8D5E48A9EE8B}
		{67D571F9-3B06-428D-88C0-8AB25EAF59A1} = {676F3705-AACC-4E16-92DD-8D5E48A9EE8B}
		{52D99CCE-1D0C-4BF3-BE88-BAAE4C4B8E45} = {C4D59CD8-C5B9-4CF4-8221-D177DB032FCB}
		{EFB136DE-F503-41F8-9F49-9F9888257E59} = {C4D59CD8-C5B9-4CF4-8221-D177DB032FCB}
		{E6579337-8BBA-4423-B028-CE3F9E3C3A82} = {ED3AAADA-DF8D-44FF-A181-6A159B97C0BA}
		{28AB7A80-3BBC-4B04-B6F8-007E185A1F68} = {E6579337-8BBA-4423-B028-CE3F9E3C3A82}
		{89C3F41E-105F-4394-B0EC-1154D5AEA7A5} = {ED3AAADA-DF8D-44FF-A181-6A159B97C0BA}
		{81C258B3-B0F6-47FA-A911-1FE8D0423714} = {89C3F41E-105F-4394-B0EC-1154D5AEA7A5}
		{5AE0D452-1939-49A4-B0DC-22EB32B8E49D} = {ED3AAADA-DF8D-44FF-A181-6A159B97C0BA}
		{C8070876-8837-41D7-81C3-9B81D9EC2EAD} = {E6579337-8BBA-4423-B028-CE3F9E3C3A82}
	EndGlobalSection
	GlobalSection(ExtensibilityGlobals) = postSolution
		SolutionGuid = {F842781D-FC9F-49F7-9821-4FEF5DBEB45C}
	EndGlobalSection
EndGlobal
